
Microsoft Visual Studio Solution File, Format Version 12.00
# Visual Studio Version 17
VisualStudioVersion = 17.3.32929.385
MinimumVisualStudioVersion = 10.0.40219.1
Project("{FAE04EC0-301F-11D3-BF4B-00C04F79EFBC}") = "MSTest_UserDetails", "MSTest_UserDetails.csproj", "{DC808FDF-B839-4459-BDBA-29DA724E0DC8}"
EndProject
Project("{FAE04EC0-301F-11D3-BF4B-00C04F79EFBC}") = "UserDetailsTest", "..\UserDetailsTest\UserDetailsTest.csproj", "{8F2FF12B-0C85-4EC7-96CE-C89F5DF51188}"
EndProject
Global
	GlobalSection(SolutionConfigurationPlatforms) = preSolution
		Debug|Any CPU = Debug|Any CPU
		Release|Any CPU = Release|Any CPU
	EndGlobalSection
	GlobalSection(ProjectConfigurationPlatforms) = postSolution
		{DC808FDF-B839-4459-BDBA-29DA724E0DC8}.Debug|Any CPU.ActiveCfg = Debug|Any CPU
		{DC808FDF-B839-4459-BDBA-29DA724E0DC8}.Debug|Any CPU.Build.0 = Debug|Any CPU
		{DC808FDF-B839-4459-BDBA-29DA724E0DC8}.Release|Any CPU.ActiveCfg = Release|Any CPU
		{DC808FDF-B839-4459-BDBA-29DA724E0DC8}.Release|Any CPU.Build.0 = Release|Any CPU
		{8F2FF12B-0C85-4EC7-96CE-C89F5DF51188}.Debug|Any CPU.ActiveCfg = Debug|Any CPU
		{8F2FF12B-0C85-4EC7-96CE-C89F5DF51188}.Debug|Any CPU.Build.0 = Debug|Any CPU
		{8F2FF12B-0C85-4EC7-96CE-C89F5DF51188}.Release|Any CPU.ActiveCfg = Release|Any CPU
		{8F2FF12B-0C85-4EC7-96CE-C89F5DF51188}.Release|Any CPU.Build.0 = Release|Any CPU
	EndGlobalSection
	GlobalSection(SolutionProperties) = preSolution
		HideSolutionNode = FALSE
	EndGlobalSection
	GlobalSection(ExtensibilityGlobals) = postSolution
		SolutionGuid = {1B157339-0886-449E-836B-6BDDBA2283D5}
	EndGlobalSection
EndGlobal
